<Solution>
  <Folder Name="/src/">
    <Project Path="src/JumpMetrics.Core/JumpMetrics.Core.csproj" />
    <Project Path="src/JumpMetrics.CLI/JumpMetrics.CLI.csproj" />
  </Folder>
  <Folder Name="/tests/">
    <Project Path="tests/JumpMetrics.Core.Tests/JumpMetrics.Core.Tests.csproj" />
  </Folder>
</Solution>
